
Microsoft Visual Studio Solution File, Format Version 12.00
# Visual Studio 15
VisualStudioVersion = 15.0.27130.2010
MinimumVisualStudioVersion = 10.0.40219.1
Project("{FAE04EC0-301F-11D3-BF4B-00C04F79EFBC}") = "TypeScript Example", "TypeScript Example\TypeScript Example.csproj", "{44034E6E-E2A4-48EE-8F70-0E42347F0669}"
EndProject
Project("{FAE04EC0-301F-11D3-BF4B-00C04F79EFBC}") = "UdemyBasicTypeScriptEXAMPLE", "UdemyTypeScriptEXAMPLE\UdemyBasicTypeScriptEXAMPLE.csproj", "{339340BF-2772-49AF-AA2C-BF8B094B7AD5}"
EndProject
Global
	GlobalSection(SolutionConfigurationPlatforms) = preSolution
		Debug|Any CPU = Debug|Any CPU
		Release|Any CPU = Release|Any CPU
	EndGlobalSection
	GlobalSection(ProjectConfigurationPlatforms) = postSolution
		{44034E6E-E2A4-48EE-8F70-0E42347F0669}.Debug|Any CPU.ActiveCfg = Debug|Any CPU
		{44034E6E-E2A4-48EE-8F70-0E42347F0669}.Debug|Any CPU.Build.0 = Debug|Any CPU
		{44034E6E-E2A4-48EE-8F70-0E42347F0669}.Release|Any CPU.ActiveCfg = Release|Any CPU
		{44034E6E-E2A4-48EE-8F70-0E42347F0669}.Release|Any CPU.Build.0 = Release|Any CPU
		{339340BF-2772-49AF-AA2C-BF8B094B7AD5}.Debug|Any CPU.ActiveCfg = Debug|Any CPU
		{339340BF-2772-49AF-AA2C-BF8B094B7AD5}.Debug|Any CPU.Build.0 = Debug|Any CPU
		{339340BF-2772-49AF-AA2C-BF8B094B7AD5}.Release|Any CPU.ActiveCfg = Release|Any CPU
		{339340BF-2772-49AF-AA2C-BF8B094B7AD5}.Release|Any CPU.Build.0 = Release|Any CPU
	EndGlobalSection
	GlobalSection(SolutionProperties) = preSolution
		HideSolutionNode = FALSE
	EndGlobalSection
	GlobalSection(ExtensibilityGlobals) = postSolution
		SolutionGuid = {00B2A239-9D10-476E-BDD6-A2BC9B389189}
	EndGlobalSection
EndGlobal
